
Microsoft Visual Studio Solution File, Format Version 12.00
# Visual Studio Version 17
VisualStudioVersion = 17.14.36804.6
MinimumVisualStudioVersion = 10.0.40219.1
Project("{FAE04EC0-301F-11D3-BF4B-00C04F79EFBC}") = "MountUtility.WPF", "MountUtility.WPF.csproj", "{17BF96B7-DEFB-429D-AD73-CD5267D28E1D}"
EndProject
Project("{54435603-DBB4-11D2-8724-00A0C9A8B90C}") = "DiskUtility Setup", "..\DiskUtility Setup\DiskUtility Setup.vdproj", "{2509E21E-8FC7-46CF-507A-4EB0DD0F81F8}"
EndProject
Global
	GlobalSection(SolutionConfigurationPlatforms) = preSolution
		Debug|Any CPU = Debug|Any CPU
		Release|Any CPU = Release|Any CPU
	EndGlobalSection
	GlobalSection(ProjectConfigurationPlatforms) = postSolution
		{17BF96B7-DEFB-429D-AD73-CD5267D28E1D}.Debug|Any CPU.ActiveCfg = Debug|Any CPU
		{17BF96B7-DEFB-429D-AD73-CD5267D28E1D}.Debug|Any CPU.Build.0 = Debug|Any CPU
		{17BF96B7-DEFB-429D-AD73-CD5267D28E1D}.Release|Any CPU.ActiveCfg = Release|Any CPU
		{17BF96B7-DEFB-429D-AD73-CD5267D28E1D}.Release|Any CPU.Build.0 = Release|Any CPU
		{2509E21E-8FC7-46CF-507A-4EB0DD0F81F8}.Debug|Any CPU.ActiveCfg = Debug
		{2509E21E-8FC7-46CF-507A-4EB0DD0F81F8}.Release|Any CPU.ActiveCfg = Release
	EndGlobalSection
	GlobalSection(SolutionProperties) = preSolution
		HideSolutionNode = FALSE
	EndGlobalSection
	GlobalSection(ExtensibilityGlobals) = postSolution
		SolutionGuid = {7BF4C0AE-CFC5-4505-9097-243607562902}
	EndGlobalSection
EndGlobal
